#MicroXplorer Configuration settings - do not modify
File.Version=6
I2C1.I2C_Mode=I2C_Standard
I2C1.IPParameters=I2C_Mode
KeepUserPlacement=false
Mcu.Family=STM32F1
Mcu.IP0=I2C1
Mcu.IP1=NVIC
Mcu.IP2=RCC
Mcu.IP3=SYS
Mcu.IP4=TIM15
Mcu.IP5=TIM16
Mcu.IP6=TIM17
Mcu.IP7=USART1
Mcu.IPNb=8
Mcu.Name=STM32F100R(8-B)Tx
Mcu.Package=LQFP64
Mcu.Pin0=PA2
Mcu.Pin1=PA6
Mcu.Pin10=PA13
Mcu.Pin11=PA14
Mcu.Pin12=PA15
Mcu.Pin13=PB3
Mcu.Pin14=PB8
Mcu.Pin15=PB9
Mcu.Pin16=VP_SYS_VS_Systick
Mcu.Pin17=VP_TIM16_VS_ClockSourceINT
Mcu.Pin18=VP_TIM17_VS_ClockSourceINT
Mcu.Pin2=PA7
Mcu.Pin3=PC6
Mcu.Pin4=PC7
Mcu.Pin5=PC8
Mcu.Pin6=PC9
Mcu.Pin7=PA8
Mcu.Pin8=PA9
Mcu.Pin9=PA10
Mcu.PinsNb=19
Mcu.ThirdPartyNb=0
Mcu.UserConstants=
Mcu.UserName=STM32F100RBTx
MxCube.Version=4.25.0
MxDb.Version=DB.4.0.250
NVIC.BusFault_IRQn=true\:0\:0\:false\:false\:true\:false
NVIC.DebugMonitor_IRQn=true\:0\:0\:false\:false\:true\:false
NVIC.HardFault_IRQn=true\:0\:0\:false\:false\:true\:false
NVIC.MemoryManagement_IRQn=true\:0\:0\:false\:false\:true\:false
NVIC.NonMaskableInt_IRQn=true\:0\:0\:false\:false\:true\:false
NVIC.PendSV_IRQn=true\:0\:0\:false\:false\:true\:false
NVIC.PriorityGroup=NVIC_PRIORITYGROUP_4
NVIC.SVCall_IRQn=true\:0\:0\:false\:false\:true\:false
NVIC.SysTick_IRQn=true\:0\:0\:false\:false\:true\:false
NVIC.UsageFault_IRQn=true\:0\:0\:false\:false\:true\:false
PA10.Mode=Synchronous
PA10.Signal=USART1_RX
PA13.Mode=JTAG_4_pins
PA13.Signal=SYS_JTMS-SWDIO
PA14.Mode=JTAG_4_pins
PA14.Signal=SYS_JTCK-SWCLK
PA15.Mode=JTAG_4_pins
PA15.Signal=SYS_JTDI
PA2.Signal=S_TIM15_CH1
PA6.Signal=S_TIM16_CH1
PA7.Signal=S_TIM17_CH1
PA8.Mode=Synchronous
PA8.Signal=USART1_CK
PA9.Mode=Synchronous
PA9.Signal=USART1_TX
PB3.Mode=JTAG_4_pins
PB3.Signal=SYS_JTDO-TRACESWO
PB8.Mode=I2C
PB8.Signal=I2C1_SCL
PB9.Mode=I2C
PB9.Signal=I2C1_SDA
PC6.Locked=true
PC6.Signal=GPIO_Output
PC7.GPIOParameters=GPIO_Speed,PinState,GPIO_ModeDefaultOutputPP
PC7.GPIO_ModeDefaultOutputPP=GPIO_MODE_OUTPUT_PP
PC7.GPIO_Speed=GPIO_SPEED_FREQ_LOW
PC7.Locked=true
PC7.PinState=GPIO_PIN_RESET
PC7.Signal=GPIO_Output
PC8.Locked=true
PC8.Signal=GPIO_Output
PC9.GPIOParameters=GPIO_Speed,PinState,GPIO_ModeDefaultOutputPP
PC9.GPIO_ModeDefaultOutputPP=GPIO_MODE_OUTPUT_PP
PC9.GPIO_Speed=GPIO_SPEED_FREQ_LOW
PC9.Locked=true
PC9.PinState=GPIO_PIN_RESET
PC9.Signal=GPIO_Output
PCC.Checker=false
PCC.Line=STM32F100 Value Line
PCC.MCU=STM32F100R(8-B)Tx
PCC.PartNumber=STM32F100RBTx
PCC.Seq0=0
PCC.Series=STM32F1
PCC.Temperature=25
PCC.Vdd=3.3
PinOutPanel.RotationAngle=0
ProjectManager.AskForMigrate=true
ProjectManager.BackupPrevious=false
ProjectManager.CompilerOptimize=3
ProjectManager.ComputerToolchain=false
ProjectManager.CoupleFile=false
ProjectManager.CustomerFirmwarePackage=C\:/Users/Mateusz Mittek/STM32Cube/Repository/STM32Cube_FW_F1_V1.6.1
ProjectManager.DefaultFWLocation=true
ProjectManager.DeletePrevious=true
ProjectManager.DeviceId=STM32F100RBTx
ProjectManager.FirmwarePackage=STM32Cube FW_F1 V1.6.1
ProjectManager.FreePins=false
ProjectManager.HalAssertFull=true
ProjectManager.HeapSize=0x200
ProjectManager.KeepUserCode=true
ProjectManager.LastFirmware=true
ProjectManager.LibraryCopy=0
ProjectManager.MainLocation=Src
ProjectManager.PreviousToolchain=
ProjectManager.ProjectBuild=false
ProjectManager.ProjectFileName=myproj.ioc
ProjectManager.ProjectName=myproj
ProjectManager.StackSize=0x400
ProjectManager.TargetToolchain=Makefile
ProjectManager.ToolChainLocation=
ProjectManager.UnderRoot=false
ProjectManager.functionlistsort=1-MX_GPIO_Init-GPIO-false-HAL-true,2-SystemClock_Config-RCC-false-HAL-false,3-MX_I2C1_Init-I2C1-false-HAL-true,4-MX_USART1_Init-USART1-false-HAL-true,5-MX_TIM16_Init-TIM16-false-HAL-true,6-MX_TIM17_Init-TIM17-false-HAL-true,7-MX_TIM15_Init-TIM15-false-HAL-true
RCC.ADCFreqValue=12000000
RCC.AHBFreq_Value=24000000
RCC.APB1Freq_Value=24000000
RCC.APB1TimFreq_Value=24000000
RCC.APB2Freq_Value=24000000
RCC.APB2TimFreq_Value=24000000
RCC.FCLKCortexFreq_Value=24000000
RCC.FamilyName=M
RCC.HCLKFreq_Value=24000000
RCC.IPParameters=ADCFreqValue,AHBFreq_Value,APB1Freq_Value,APB1TimFreq_Value,APB2Freq_Value,APB2TimFreq_Value,FCLKCortexFreq_Value,FamilyName,HCLKFreq_Value,MCOFreq_Value,PLLCLKFreq_Value,PLLMCOFreq_Value,PLLMUL,SYSCLKFreq_VALUE,SYSCLKSource,TimSysFreq_Value
RCC.MCOFreq_Value=24000000
RCC.PLLCLKFreq_Value=24000000
RCC.PLLMCOFreq_Value=12000000
RCC.PLLMUL=RCC_PLL_MUL6
RCC.SYSCLKFreq_VALUE=24000000
RCC.SYSCLKSource=RCC_SYSCLKSOURCE_PLLCLK
RCC.TimSysFreq_Value=24000000
SH.S_TIM15_CH1.0=TIM15_CH1,PWM Generation1 CH1
SH.S_TIM15_CH1.ConfNb=1
SH.S_TIM16_CH1.0=TIM16_CH1,PWM Generation1 CH1
SH.S_TIM16_CH1.ConfNb=1
SH.S_TIM17_CH1.0=TIM17_CH1,PWM Generation1 CH1
SH.S_TIM17_CH1.ConfNb=1
TIM15.AutoReloadPreload=TIM_AUTORELOAD_PRELOAD_ENABLE
TIM15.AutomaticOutput=TIM_AUTOMATICOUTPUT_ENABLE
TIM15.Channel-PWM\ Generation1\ CH1=TIM_CHANNEL_1
TIM15.IPParameters=Channel-PWM Generation1 CH1,Prescaler,Period,Pulse-PWM Generation1 CH1,OCMode_PWM-PWM Generation1 CH1,AutoReloadPreload,AutomaticOutput
TIM15.OCMode_PWM-PWM\ Generation1\ CH1=TIM_OCMODE_PWM2
TIM15.Period=501
TIM15.Prescaler=1
TIM15.Pulse-PWM\ Generation1\ CH1=250
TIM16.AutoReloadPreload=TIM_AUTORELOAD_PRELOAD_ENABLE
TIM16.AutomaticOutput=TIM_AUTOMATICOUTPUT_ENABLE
TIM16.Channel=TIM_CHANNEL_1
TIM16.IPParameters=Channel,AutomaticOutput,Prescaler,AutoReloadPreload,Period,Pulse,OCMode_PWM
TIM16.OCMode_PWM=TIM_OCMODE_PWM2
TIM16.Period=501
TIM16.Prescaler=1
TIM16.Pulse=250
TIM17.AutoReloadPreload=TIM_AUTORELOAD_PRELOAD_ENABLE
TIM17.AutomaticOutput=TIM_AUTOMATICOUTPUT_ENABLE
TIM17.Channel=TIM_CHANNEL_1
TIM17.IPParameters=Channel,OCMode_PWM,AutoReloadPreload,Period,Pulse,Prescaler,AutomaticOutput
TIM17.OCMode_PWM=TIM_OCMODE_PWM2
TIM17.Period=501
TIM17.Prescaler=1
TIM17.Pulse=250
USART1.IPParameters=VirtualMode
USART1.VirtualMode=VM_SYNC
VP_SYS_VS_Systick.Mode=SysTick
VP_SYS_VS_Systick.Signal=SYS_VS_Systick
VP_TIM16_VS_ClockSourceINT.Mode=Enable_Timer
VP_TIM16_VS_ClockSourceINT.Signal=TIM16_VS_ClockSourceINT
VP_TIM17_VS_ClockSourceINT.Mode=Enable_Timer
VP_TIM17_VS_ClockSourceINT.Signal=TIM17_VS_ClockSourceINT
board=myproj
